
Microsoft Visual Studio Solution File, Format Version 10.00
# Visual Studio 2008
Project("{8BC9CEB8-8B4A-11D0-8D11-00A0C91BC942}") = "queue", "queue\queue.vcproj", "{3D2D4631-DF9B-4441-AAB4-9BAAE3BA528D}"
EndProject
Global
	GlobalSection(SolutionConfigurationPlatforms) = preSolution
		Debug|Win32 = Debug|Win32
		Release|Win32 = Release|Win32
	EndGlobalSection
	GlobalSection(ProjectConfigurationPlatforms) = postSolution
		{3D2D4631-DF9B-4441-AAB4-9BAAE3BA528D}.Debug|Win32.ActiveCfg = Debug|Win32
		{3D2D4631-DF9B-4441-AAB4-9BAAE3BA528D}.Debug|Win32.Build.0 = Debug|Win32
		{3D2D4631-DF9B-4441-AAB4-9BAAE3BA528D}.Release|Win32.ActiveCfg = Release|Win32
		{3D2D4631-DF9B-4441-AAB4-9BAAE3BA528D}.Release|Win32.Build.0 = Release|Win32
	EndGlobalSection
	GlobalSection(SolutionProperties) = preSolution
		HideSolutionNode = FALSE
	EndGlobalSection
EndGlobal
